
Microsoft Visual Studio Solution File, Format Version 12.00
# Visual Studio Version 17
VisualStudioVersion = 17.8.34525.116
MinimumVisualStudioVersion = 10.0.40219.1
Project("{8BC9CEB8-8B4A-11D0-8D11-00A0C91BC942}") = "ttetst", "ttetst\ttetst.vcxproj", "{B5C008D6-8745-4A2A-94D0-B37C37167516}"
EndProject
Global
	GlobalSection(SolutionConfigurationPlatforms) = preSolution
		Debug|x64 = Debug|x64
		Debug|x86 = Debug|x86
		Release|x64 = Release|x64
		Release|x86 = Release|x86
	EndGlobalSection
	GlobalSection(ProjectConfigurationPlatforms) = postSolution
		{B5C008D6-8745-4A2A-94D0-B37C37167516}.Debug|x64.ActiveCfg = Debug|x64
		{B5C008D6-8745-4A2A-94D0-B37C37167516}.Debug|x64.Build.0 = Debug|x64
		{B5C008D6-8745-4A2A-94D0-B37C37167516}.Debug|x86.ActiveCfg = Debug|Win32
		{B5C008D6-8745-4A2A-94D0-B37C37167516}.Debug|x86.Build.0 = Debug|Win32
		{B5C008D6-8745-4A2A-94D0-B37C37167516}.Release|x64.ActiveCfg = Release|x64
		{B5C008D6-8745-4A2A-94D0-B37C37167516}.Release|x64.Build.0 = Release|x64
		{B5C008D6-8745-4A2A-94D0-B37C37167516}.Release|x86.ActiveCfg = Release|Win32
		{B5C008D6-8745-4A2A-94D0-B37C37167516}.Release|x86.Build.0 = Release|Win32
	EndGlobalSection
	GlobalSection(SolutionProperties) = preSolution
		HideSolutionNode = FALSE
	EndGlobalSection
	GlobalSection(ExtensibilityGlobals) = postSolution
		SolutionGuid = {4FB0CBF4-5305-43F7-95D8-3A70BF752371}
	EndGlobalSection
EndGlobal
